// !$*UTF8*$!
{
	archiveVersion = 1;
	classes = {
	};
	objectVersion = 56;
	objects = {

/* Begin PBXBuildFile section */
		C90DB98929991AE000CC3FF9 /* AppDelegate.swift in Sources */ = {isa = PBXBuildFile; fileRef = C90DB98829991AE000CC3FF9 /* AppDelegate.swift */; };
		C90DB98B29991AE000CC3FF9 /* SceneDelegate.swift in Sources */ = {isa = PBXBuildFile; fileRef = C90DB98A29991AE000CC3FF9 /* SceneDelegate.swift */; };
		C90DB98D29991AE000CC3FF9 /* ViewController.swift in Sources */ = {isa = PBXBuildFile; fileRef = C90DB98C29991AE000CC3FF9 /* ViewController.swift */; };
		C90DB99029991AE000CC3FF9 /* Main.storyboard in Resources */ = {isa = PBXBuildFile; fileRef = C90DB98E29991AE000CC3FF9 /* Main.storyboard */; };
		C90DB99229991AE100CC3FF9 /* Assets.xcassets in Resources */ = {isa = PBXBuildFile; fileRef = C90DB99129991AE100CC3FF9 /* Assets.xcassets */; };
		C90DB99529991AE100CC3FF9 /* LaunchScreen.storyboard in Resources */ = {isa = PBXBuildFile; fileRef = C90DB99329991AE100CC3FF9 /* LaunchScreen.storyboard */; };
		C90DB9A029991AE100CC3FF9 /* AppLifeCycleTests.swift in Sources */ = {isa = PBXBuildFile; fileRef = C90DB99F29991AE100CC3FF9 /* AppLifeCycleTests.swift */; };
		C90DB9AA29991AE100CC3FF9 /* AppLifeCycleUITests.swift in Sources */ = {isa = PBXBuildFile; fileRef = C90DB9A929991AE100CC3FF9 /* AppLifeCycleUITests.swift */; };
		C90DB9AC29991AE100CC3FF9 /* AppLifeCycleUITestsLaunchTests.swift in Sources */ = {isa = PBXBuildFile; fileRef = C90DB9AB29991AE100CC3FF9 /* AppLifeCycleUITestsLaunchTests.swift */; };
/* End PBXBuildFile section */

/* Begin PBXContainerItemProxy section */
		C90DB99C29991AE100CC3FF9 /* PBXContainerItemProxy */ = {
			isa = PBXContainerItemProxy;
			containerPortal = C90DB97D29991AE000CC3FF9 /* Project object */;
			proxyType = 1;
			remoteGlobalIDString = C90DB98429991AE000CC3FF9;
			remoteInfo = AppLifeCycle;
		};
		C90DB9A629991AE100CC3FF9 /* PBXContainerItemProxy */ = {
			isa = PBXContainerItemProxy;
			containerPortal = C90DB97D29991AE000CC3FF9 /* Project object */;
			proxyType = 1;
			remoteGlobalIDString = C90DB98429991AE000CC3FF9;
			remoteInfo = AppLifeCycle;
		};
/* End PBXContainerItemProxy section */

/* Begin PBXFileReference section */
		C90DB98529991AE000CC3FF9 /* AppLifeCycle.app */ = {isa = PBXFileReference; explicitFileType = wrapper.application; includeInIndex = 0; path = AppLifeCycle.app; sourceTree = BUILT_PRODUCTS_DIR; };
		C90DB98829991AE000CC3FF9 /* AppDelegate.swift */ = {isa = PBXFileReference; lastKnownFileType = sourcecode.swift; path = AppDelegate.swift; sourceTree = "<group>"; };
		C90DB98A29991AE000CC3FF9 /* SceneDelegate.swift */ = {isa = PBXFileReference; lastKnownFileType = sourcecode.swift; path = SceneDelegate.swift; sourceTree = "<group>"; };
		C90DB98C29991AE000CC3FF9 /* ViewController.swift */ = {isa = PBXFileReference; lastKnownFileType = sourcecode.swift; path = ViewController.swift; sourceTree = "<group>"; };
		C90DB98F29991AE000CC3FF9 /* Base */ = {isa = PBXFileReference; lastKnownFileType = file.storyboard; name = Base; path = Base.lproj/Main.storyboard; sourceTree = "<group>"; };
		C90DB99129991AE100CC3FF9 /* Assets.xcassets */ = {isa = PBXFileReference; lastKnownFileType = folder.assetcatalog; path = Assets.xcassets; sourceTree = "<group>"; };
		C90DB99429991AE100CC3FF9 /* Base */ = {isa = PBXFileReference; lastKnownFileType = file.storyboard; name = Base; path = Base.lproj/LaunchScreen.storyboard; sourceTree = "<group>"; };
		C90DB99629991AE100CC3FF9 /* Info.plist */ = {isa = PBXFileReference; lastKnownFileType = text.plist.xml; path = Info.plist; sourceTree = "<group>"; };
		C90DB99B29991AE100CC3FF9 /* AppLifeCycleTests.xctest */ = {isa = PBXFileReference; explicitFileType = wrapper.cfbundle; includeInIndex = 0; path = AppLifeCycleTests.xctest; sourceTree = BUILT_PRODUCTS_DIR; };
		C90DB99F29991AE100CC3FF9 /* AppLifeCycleTests.swift */ = {isa = PBXFileReference; lastKnownFileType = sourcecode.swift; path = AppLifeCycleTests.swift; sourceTree = "<group>"; };
		C90DB9A529991AE100CC3FF9 /* AppLifeCycleUITests.xctest */ = {isa = PBXFileReference; explicitFileType = wrapper.cfbundle; includeInIndex = 0; path = AppLifeCycleUITests.xctest; sourceTree = BUILT_PRODUCTS_DIR; };
		C90DB9A929991AE100CC3FF9 /* AppLifeCycleUITests.swift */ = {isa = PBXFileReference; lastKnownFileType = sourcecode.swift; path = AppLifeCycleUITests.swift; sourceTree = "<group>"; };
		C90DB9AB29991AE100CC3FF9 /* AppLifeCycleUITestsLaunchTests.swift */ = {isa = PBXFileReference; lastKnownFileType = sourcecode.swift; path = AppLifeCycleUITestsLaunchTests.swift; sourceTree = "<group>"; };
/* End PBXFileReference section */

/* Begin PBXFrameworksBuildPhase section */
		C90DB98229991AE000CC3FF9 /* Frameworks */ = {
			isa = PBXFrameworksBuildPhase;
			buildActionMask = 2147483647;
			files = (
			);
			runOnlyForDeploymentPostprocessing = 0;
		};
		C90DB99829991AE100CC3FF9 /* Frameworks */ = {
			isa = PBXFrameworksBuildPhase;
			buildActionMask = 2147483647;
			files = (
			);
			runOnlyForDeploymentPostprocessing = 0;
		};
		C90DB9A229991AE100CC3FF9 /* Frameworks */ = {
			isa = PBXFrameworksBuildPhase;
			buildActionMask = 2147483647;
			files = (
			);
			runOnlyForDeploymentPostprocessing = 0;
		};
/* End PBXFrameworksBuildPhase section */

/* Begin PBXGroup section */
		C90DB97C29991AE000CC3FF9 = {
			isa = PBXGroup;
			children = (
				C90DB98729991AE000CC3FF9 /* AppLifeCycle */,
				C90DB99E29991AE100CC3FF9 /* AppLifeCycleTests */,
				C90DB9A829991AE100CC3FF9 /* AppLifeCycleUITests */,
				C90DB98629991AE000CC3FF9 /* Products */,
			);
			sourceTree = "<group>";
		};
		C90DB98629991AE000CC3FF9 /* Products */ = {
			isa = PBXGroup;
			children = (
				C90DB98529991AE000CC3FF9 /* AppLifeCycle.app */,
				C90DB99B29991AE100CC3FF9 /* AppLifeCycleTests.xctest */,
				C90DB9A529991AE100CC3FF9 /* AppLifeCycleUITests.xctest */,
			);
			name = Products;
			sourceTree = "<group>";
		};
		C90DB98729991AE000CC3FF9 /* AppLifeCycle */ = {
			isa = PBXGroup;
			children = (
				C90DB98829991AE000CC3FF9 /* AppDelegate.swift */,
				C90DB98A29991AE000CC3FF9 /* SceneDelegate.swift */,
				C90DB98C29991AE000CC3FF9 /* ViewController.swift */,
				C90DB98E29991AE000CC3FF9 /* Main.storyboard */,
				C90DB99129991AE100CC3FF9 /* Assets.xcassets */,
				C90DB99329991AE100CC3FF9 /* LaunchScreen.storyboard */,
				C90DB99629991AE100CC3FF9 /* Info.plist */,
			);
			path = AppLifeCycle;
			sourceTree = "<group>";
		};
		C90DB99E29991AE100CC3FF9 /* AppLifeCycleTests */ = {
			isa = PBXGroup;
			children = (
				C90DB99F29991AE100CC3FF9 /* AppLifeCycleTests.swift */,
			);
			path = AppLifeCycleTests;
			sourceTree = "<group>";
		};
		C90DB9A829991AE100CC3FF9 /* AppLifeCycleUITests */ = {
			isa = PBXGroup;
			children = (
				C90DB9A929991AE100CC3FF9 /* AppLifeCycleUITests.swift */,
				C90DB9AB29991AE100CC3FF9 /* AppLifeCycleUITestsLaunchTests.swift */,
			);
			path = AppLifeCycleUITests;
			sourceTree = "<group>";
		};
/* End PBXGroup section */

/* Begin PBXNativeTarget section */
		C90DB98429991AE000CC3FF9 /* AppLifeCycle */ = {
			isa = PBXNativeTarget;
			buildConfigurationList = C90DB9AF29991AE100CC3FF9 /* Build configuration list for PBXNativeTarget "AppLifeCycle" */;
			buildPhases = (
				C90DB98129991AE000CC3FF9 /* Sources */,
				C90DB98229991AE000CC3FF9 /* Frameworks */,
				C90DB98329991AE000CC3FF9 /* Resources */,
			);
			buildRules = (
			);
			dependencies = (
			);
			name = AppLifeCycle;
			productName = AppLifeCycle;
			productReference = C90DB98529991AE000CC3FF9 /* AppLifeCycle.app */;
			productType = "com.apple.product-type.application";
		};
		C90DB99A29991AE100CC3FF9 /* AppLifeCycleTests */ = {
			isa = PBXNativeTarget;
			buildConfigurationList = C90DB9B229991AE100CC3FF9 /* Build configuration list for PBXNativeTarget "AppLifeCycleTests" */;
			buildPhases = (
				C90DB99729991AE100CC3FF9 /* Sources */,
				C90DB99829991AE100CC3FF9 /* Frameworks */,
				C90DB99929991AE100CC3FF9 /* Resources */,
			);
			buildRules = (
			);
			dependencies = (
				C90DB99D29991AE100CC3FF9 /* PBXTargetDependency */,
			);
			name = AppLifeCycleTests;
			productName = AppLifeCycleTests;
			productReference = C90DB99B29991AE100CC3FF9 /* AppLifeCycleTests.xctest */;
			productType = "com.apple.product-type.bundle.unit-test";
		};
		C90DB9A429991AE100CC3FF9 /* AppLifeCycleUITests */ = {
			isa = PBXNativeTarget;
			buildConfigurationList = C90DB9B529991AE100CC3FF9 /* Build configuration list for PBXNativeTarget "AppLifeCycleUITests" */;
			buildPhases = (
				C90DB9A129991AE100CC3FF9 /* Sources */,
				C90DB9A229991AE100CC3FF9 /* Frameworks */,
				C90DB9A329991AE100CC3FF9 /* Resources */,
			);
			buildRules = (
			);
			dependencies = (
				C90DB9A729991AE100CC3FF9 /* PBXTargetDependency */,
			);
			name = AppLifeCycleUITests;
			productName = AppLifeCycleUITests;
			productReference = C90DB9A529991AE100CC3FF9 /* AppLifeCycleUITests.xctest */;
			productType = "com.apple.product-type.bundle.ui-testing";
		};
/* End PBXNativeTarget section */

/* Begin PBXProject section */
		C90DB97D29991AE000CC3FF9 /* Project object */ = {
			isa = PBXProject;
			attributes = {
				BuildIndependentTargetsInParallel = 1;
				LastSwiftUpdateCheck = 1420;
				LastUpgradeCheck = 1420;
				TargetAttributes = {
					C90DB98429991AE000CC3FF9 = {
						CreatedOnToolsVersion = 14.2;
					};
					C90DB99A29991AE100CC3FF9 = {
						CreatedOnToolsVersion = 14.2;
						TestTargetID = C90DB98429991AE000CC3FF9;
					};
					C90DB9A429991AE100CC3FF9 = {
						CreatedOnToolsVersion = 14.2;
						TestTargetID = C90DB98429991AE000CC3FF9;
					};
				};
			};
			buildConfigurationList = C90DB98029991AE000CC3FF9 /* Build configuration list for PBXProject "AppLifeCycle" */;
			compatibilityVersion = "Xcode 14.0";
			developmentRegion = en;
			hasScannedForEncodings = 0;
			knownRegions = (
				en,
				Base,
			);
			mainGroup = C90DB97C29991AE000CC3FF9;
			productRefGroup = C90DB98629991AE000CC3FF9 /* Products */;
			projectDirPath = "";
			projectRoot = "";
			targets = (
				C90DB98429991AE000CC3FF9 /* AppLifeCycle */,
				C90DB99A29991AE100CC3FF9 /* AppLifeCycleTests */,
				C90DB9A429991AE100CC3FF9 /* AppLifeCycleUITests */,
			);
		};
/* End PBXProject section */

/* Begin PBXResourcesBuildPhase section */
		C90DB98329991AE000CC3FF9 /* Resources */ = {
			isa = PBXResourcesBuildPhase;
			buildActionMask = 2147483647;
			files = (
				C90DB99529991AE100CC3FF9 /* LaunchScreen.storyboard in Resources */,
				C90DB99229991AE100CC3FF9 /* Assets.xcassets in Resources */,
				C90DB99029991AE000CC3FF9 /* Main.storyboard in Resources */,
			);
			runOnlyForDeploymentPostprocessing = 0;
		};
		C90DB99929991AE100CC3FF9 /* Resources */ = {
			isa = PBXResourcesBuildPhase;
			buildActionMask = 2147483647;
			files = (
			);
			runOnlyForDeploymentPostprocessing = 0;
		};
		C90DB9A329991AE100CC3FF9 /* Resources */ = {
			isa = PBXResourcesBuildPhase;
			buildActionMask = 2147483647;
			files = (
			);
			runOnlyForDeploymentPostprocessing = 0;
		};
/* End PBXResourcesBuildPhase section */

/* Begin PBXSourcesBuildPhase section */
		C90DB98129991AE000CC3FF9 /* Sources */ = {
			isa = PBXSourcesBuildPhase;
			buildActionMask = 2147483647;
			files = (
				C90DB98D29991AE000CC3FF9 /* ViewController.swift in Sources */,
				C90DB98929991AE000CC3FF9 /* AppDelegate.swift in Sources */,
				C90DB98B29991AE000CC3FF9 /* SceneDelegate.swift in Sources */,
			);
			runOnlyForDeploymentPostprocessing = 0;
		};
		C90DB99729991AE100CC3FF9 /* Sources */ = {
			isa = PBXSourcesBuildPhase;
			buildActionMask = 2147483647;
			files = (
				C90DB9A029991AE100CC3FF9 /* AppLifeCycleTests.swift in Sources */,
			);
			runOnlyForDeploymentPostprocessing = 0;
		};
		C90DB9A129991AE100CC3FF9 /* Sources */ = {
			isa = PBXSourcesBuildPhase;
			buildActionMask = 2147483647;
			files = (
				C90DB9AA29991AE100CC3FF9 /* AppLifeCycleUITests.swift in Sources */,
				C90DB9AC29991AE100CC3FF9 /* AppLifeCycleUITestsLaunchTests.swift in Sources */,
			);
			runOnlyForDeploymentPostprocessing = 0;
		};
/* End PBXSourcesBuildPhase section */

/* Begin PBXTargetDependency section */
		C90DB99D29991AE100CC3FF9 /* PBXTargetDependency */ = {
			isa = PBXTargetDependency;
			target = C90DB98429991AE000CC3FF9 /* AppLifeCycle */;
			targetProxy = C90DB99C29991AE100CC3FF9 /* PBXContainerItemProxy */;
		};
		C90DB9A729991AE100CC3FF9 /* PBXTargetDependency */ = {
			isa = PBXTargetDependency;
			target = C90DB98429991AE000CC3FF9 /* AppLifeCycle */;
			targetProxy = C90DB9A629991AE100CC3FF9 /* PBXContainerItemProxy */;
		};
/* End PBXTargetDependency section */

/* Begin PBXVariantGroup section */
		C90DB98E29991AE000CC3FF9 /* Main.storyboard */ = {
			isa = PBXVariantGroup;
			children = (
				C90DB98F29991AE000CC3FF9 /* Base */,
			);
			name = Main.storyboard;
			sourceTree = "<group>";
		};
		C90DB99329991AE100CC3FF9 /* LaunchScreen.storyboard */ = {
			isa = PBXVariantGroup;
			children = (
				C90DB99429991AE100CC3FF9 /* Base */,
			);
			name = LaunchScreen.storyboard;
			sourceTree = "<group>";
		};
/* End PBXVariantGroup section */

/* Begin XCBuildConfiguration section */
		C90DB9AD29991AE100CC3FF9 /* Debug */ = {
			isa = XCBuildConfiguration;
			buildSettings = {
				ALWAYS_SEARCH_USER_PATHS = NO;
				CLANG_ANALYZER_NONNULL = YES;
				CLANG_ANALYZER_NUMBER_OBJECT_CONVERSION = YES_AGGRESSIVE;
				CLANG_CXX_LANGUAGE_STANDARD = "gnu++20";
				CLANG_ENABLE_MODULES = YES;
				CLANG_ENABLE_OBJC_ARC = YES;
				CLANG_ENABLE_OBJC_WEAK = YES;
				CLANG_WARN_BLOCK_CAPTURE_AUTORELEASING = YES;
				CLANG_WARN_BOOL_CONVERSION = YES;
				CLANG_WARN_COMMA = YES;
				CLANG_WARN_CONSTANT_CONVERSION = YES;
				CLANG_WARN_DEPRECATED_OBJC_IMPLEMENTATIONS = YES;
				CLANG_WARN_DIRECT_OBJC_ISA_USAGE = YES_ERROR;
				CLANG_WARN_DOCUMENTATION_COMMENTS = YES;
				CLANG_WARN_EMPTY_BODY = YES;
				CLANG_WARN_ENUM_CONVERSION = YES;
				CLANG_WARN_INFINITE_RECURSION = YES;
				CLANG_WARN_INT_CONVERSION = YES;
				CLANG_WARN_NON_LITERAL_NULL_CONVERSION = YES;
				CLANG_WARN_OBJC_IMPLICIT_RETAIN_SELF = YES;
				CLANG_WARN_OBJC_LITERAL_CONVERSION = YES;
				CLANG_WARN_OBJC_ROOT_CLASS = YES_ERROR;
				CLANG_WARN_QUOTED_INCLUDE_IN_FRAMEWORK_HEADER = YES;
				CLANG_WARN_RANGE_LOOP_ANALYSIS = YES;
				CLANG_WARN_STRICT_PROTOTYPES = YES;
				CLANG_WARN_SUSPICIOUS_MOVE = YES;
				CLANG_WARN_UNGUARDED_AVAILABILITY = YES_AGGRESSIVE;
				CLANG_WARN_UNREACHABLE_CODE = YES;
				CLANG_WARN__DUPLICATE_METHOD_MATCH = YES;
				COPY_PHASE_STRIP = NO;
				DEBUG_INFORMATION_FORMAT = dwarf;
				ENABLE_STRICT_OBJC_MSGSEND = YES;
				ENABLE_TESTABILITY = YES;
				GCC_C_LANGUAGE_STANDARD = gnu11;
				GCC_DYNAMIC_NO_PIC = NO;
				GCC_NO_COMMON_BLOCKS = YES;
				GCC_OPTIMIZATION_LEVEL = 0;
				GCC_PREPROCESSOR_DEFINITIONS = (
					"DEBUG=1",
					"$(inherited)",
				);
				GCC_WARN_64_TO_32_BIT_CONVERSION = YES;
				GCC_WARN_ABOUT_RETURN_TYPE = YES_ERROR;
				GCC_WARN_UNDECLARED_SELECTOR = YES;
				GCC_WARN_UNINITIALIZED_AUTOS = YES_AGGRESSIVE;
				GCC_WARN_UNUSED_FUNCTION = YES;
				GCC_WARN_UNUSED_VARIABLE = YES;
				IPHONEOS_DEPLOYMENT_TARGET = 16.2;
				MTL_ENABLE_DEBUG_INFO = INCLUDE_SOURCE;
				MTL_FAST_MATH = YES;
				ONLY_ACTIVE_ARCH = YES;
				SDKROOT = iphoneos;
				SWIFT_ACTIVE_COMPILATION_CONDITIONS = DEBUG;
				SWIFT_OPTIMIZATION_LEVEL = "-Onone";
			};
			name = Debug;
		};
		C90DB9AE29991AE100CC3FF9 /* Release */ = {
			isa = XCBuildConfiguration;
			buildSettings = {
				ALWAYS_SEARCH_USER_PATHS = NO;
				CLANG_ANALYZER_NONNULL = YES;
				CLANG_ANALYZER_NUMBER_OBJECT_CONVERSION = YES_AGGRESSIVE;
				CLANG_CXX_LANGUAGE_STANDARD = "gnu++20";
				CLANG_ENABLE_MODULES = YES;
				CLANG_ENABLE_OBJC_ARC = YES;
				CLANG_ENABLE_OBJC_WEAK = YES;
				CLANG_WARN_BLOCK_CAPTURE_AUTORELEASING = YES;
				CLANG_WARN_BOOL_CONVERSION = YES;
				CLANG_WARN_COMMA = YES;
				CLANG_WARN_CONSTANT_CONVERSION = YES;
				CLANG_WARN_DEPRECATED_OBJC_IMPLEMENTATIONS = YES;
				CLANG_WARN_DIRECT_OBJC_ISA_USAGE = YES_ERROR;
				CLANG_WARN_DOCUMENTATION_COMMENTS = YES;
				CLANG_WARN_EMPTY_BODY = YES;
				CLANG_WARN_ENUM_CONVERSION = YES;
				CLANG_WARN_INFINITE_RECURSION = YES;
				CLANG_WARN_INT_CONVERSION = YES;
				CLANG_WARN_NON_LITERAL_NULL_CONVERSION = YES;
				CLANG_WARN_OBJC_IMPLICIT_RETAIN_SELF = YES;
				CLANG_WARN_OBJC_LITERAL_CONVERSION = YES;
				CLANG_WARN_OBJC_ROOT_CLASS = YES_ERROR;
				CLANG_WARN_QUOTED_INCLUDE_IN_FRAMEWORK_HEADER = YES;
				CLANG_WARN_RANGE_LOOP_ANALYSIS = YES;
				CLANG_WARN_STRICT_PROTOTYPES = YES;
				CLANG_WARN_SUSPICIOUS_MOVE = YES;
				CLANG_WARN_UNGUARDED_AVAILABILITY = YES_AGGRESSIVE;
				CLANG_WARN_UNREACHABLE_CODE = YES;
				CLANG_WARN__DUPLICATE_METHOD_MATCH = YES;
				COPY_PHASE_STRIP = NO;
				DEBUG_INFORMATION_FORMAT = "dwarf-with-dsym";
				ENABLE_NS_ASSERTIONS = NO;
				ENABLE_STRICT_OBJC_MSGSEND = YES;
				GCC_C_LANGUAGE_STANDARD = gnu11;
				GCC_NO_COMMON_BLOCKS = YES;
				GCC_WARN_64_TO_32_BIT_CONVERSION = YES;
				GCC_WARN_ABOUT_RETURN_TYPE = YES_ERROR;
				GCC_WARN_UNDECLARED_SELECTOR = YES;
				GCC_WARN_UNINITIALIZED_AUTOS = YES_AGGRESSIVE;
				GCC_WARN_UNUSED_FUNCTION = YES;
				GCC_WARN_UNUSED_VARIABLE = YES;
				IPHONEOS_DEPLOYMENT_TARGET = 16.2;
				MTL_ENABLE_DEBUG_INFO = NO;
				MTL_FAST_MATH = YES;
				SDKROOT = iphoneos;
				SWIFT_COMPILATION_MODE = wholemodule;
				SWIFT_OPTIMIZATION_LEVEL = "-O";
				VALIDATE_PRODUCT = YES;
			};
			name = Release;
		};
		C90DB9B029991AE100CC3FF9 /* Debug */ = {
			isa = XCBuildConfiguration;
			buildSettings = {
				ASSETCATALOG_COMPILER_APPICON_NAME = AppIcon;
				ASSETCATALOG_COMPILER_GLOBAL_ACCENT_COLOR_NAME = AccentColor;
				CODE_SIGN_STYLE = Automatic;
				CURRENT_PROJECT_VERSION = 1;
				GENERATE_INFOPLIST_FILE = YES;
				INFOPLIST_FILE = AppLifeCycle/Info.plist;
				INFOPLIST_KEY_UIApplicationSupportsIndirectInputEvents = YES;
				INFOPLIST_KEY_UILaunchStoryboardName = LaunchScreen;
				INFOPLIST_KEY_UIMainStoryboardFile = Main;
				INFOPLIST_KEY_UISupportedInterfaceOrientations_iPad = "UIInterfaceOrientationPortrait UIInterfaceOrientationPortraitUpsideDown UIInterfaceOrientationLandscapeLeft UIInterfaceOrientationLandscapeRight";
				INFOPLIST_KEY_UISupportedInterfaceOrientations_iPhone = "UIInterfaceOrientationPortrait UIInterfaceOrientationLandscapeLeft UIInterfaceOrientationLandscapeRight";
				LD_RUNPATH_SEARCH_PATHS = (
					"$(inherited)",
					"@executable_path/Frameworks",
				);
				MARKETING_VERSION = 1.0;
				PRODUCT_BUNDLE_IDENTIFIER = com.supernova.AppLifeCycle;
				PRODUCT_NAME = "$(TARGET_NAME)";
				SWIFT_EMIT_LOC_STRINGS = YES;
				SWIFT_VERSION = 5.0;
				TARGETED_DEVICE_FAMILY = "1,2";
			};
			name = Debug;
		};
		C90DB9B129991AE100CC3FF9 /* Release */ = {
			isa = XCBuildConfiguration;
			buildSettings = {
				ASSETCATALOG_COMPILER_APPICON_NAME = AppIcon;
				ASSETCATALOG_COMPILER_GLOBAL_ACCENT_COLOR_NAME = AccentColor;
				CODE_SIGN_STYLE = Automatic;
				CURRENT_PROJECT_VERSION = 1;
				GENERATE_INFOPLIST_FILE = YES;
				INFOPLIST_FILE = AppLifeCycle/Info.plist;
				INFOPLIST_KEY_UIApplicationSupportsIndirectInputEvents = YES;
				INFOPLIST_KEY_UILaunchStoryboardName = LaunchScreen;
				INFOPLIST_KEY_UIMainStoryboardFile = Main;
				INFOPLIST_KEY_UISupportedInterfaceOrientations_iPad = "UIInterfaceOrientationPortrait UIInterfaceOrientationPortraitUpsideDown UIInterfaceOrientationLandscapeLeft UIInterfaceOrientationLandscapeRight";
				INFOPLIST_KEY_UISupportedInterfaceOrientations_iPhone = "UIInterfaceOrientationPortrait UIInterfaceOrientationLandscapeLeft UIInterfaceOrientationLandscapeRight";
				LD_RUNPATH_SEARCH_PATHS = (
					"$(inherited)",
					"@executable_path/Frameworks",
				);
				MARKETING_VERSION = 1.0;
				PRODUCT_BUNDLE_IDENTIFIER = com.supernova.AppLifeCycle;
				PRODUCT_NAME = "$(TARGET_NAME)";
				SWIFT_EMIT_LOC_STRINGS = YES;
				SWIFT_VERSION = 5.0;
				TARGETED_DEVICE_FAMILY = "1,2";
			};
			name = Release;
		};
		C90DB9B329991AE100CC3FF9 /* Debug */ = {
			isa = XCBuildConfiguration;
			buildSettings = {
				ALWAYS_EMBED_SWIFT_STANDARD_LIBRARIES = YES;
				BUNDLE_LOADER = "$(TEST_HOST)";
				CODE_SIGN_STYLE = Automatic;
				CURRENT_PROJECT_VERSION = 1;
				GENERATE_INFOPLIST_FILE = YES;
				IPHONEOS_DEPLOYMENT_TARGET = 16.2;
				MARKETING_VERSION = 1.0;
				PRODUCT_BUNDLE_IDENTIFIER = com.supernova.AppLifeCycleTests;
				PRODUCT_NAME = "$(TARGET_NAME)";
				SWIFT_EMIT_LOC_STRINGS = NO;
				SWIFT_VERSION = 5.0;
				TARGETED_DEVICE_FAMILY = "1,2";
				TEST_HOST = "$(BUILT_PRODUCTS_DIR)/AppLifeCycle.app/$(BUNDLE_EXECUTABLE_FOLDER_PATH)/AppLifeCycle";
			};
			name = Debug;
		};
		C90DB9B429991AE100CC3FF9 /* Release */ = {
			isa = XCBuildConfiguration;
			buildSettings = {
				ALWAYS_EMBED_SWIFT_STANDARD_LIBRARIES = YES;
				BUNDLE_LOADER = "$(TEST_HOST)";
				CODE_SIGN_STYLE = Automatic;
				CURRENT_PROJECT_VERSION = 1;
				GENERATE_INFOPLIST_FILE = YES;
				IPHONEOS_DEPLOYMENT_TARGET = 16.2;
				MARKETING_VERSION = 1.0;
				PRODUCT_BUNDLE_IDENTIFIER = com.supernova.AppLifeCycleTests;
				PRODUCT_NAME = "$(TARGET_NAME)";
				SWIFT_EMIT_LOC_STRINGS = NO;
				SWIFT_VERSION = 5.0;
				TARGETED_DEVICE_FAMILY = "1,2";
				TEST_HOST = "$(BUILT_PRODUCTS_DIR)/AppLifeCycle.app/$(BUNDLE_EXECUTABLE_FOLDER_PATH)/AppLifeCycle";
			};
			name = Release;
		};
		C90DB9B629991AE100CC3FF9 /* Debug */ = {
			isa = XCBuildConfiguration;
			buildSettings = {
				ALWAYS_EMBED_SWIFT_STANDARD_LIBRARIES = YES;
				CODE_SIGN_STYLE = Automatic;
				CURRENT_PROJECT_VERSION = 1;
				GENERATE_INFOPLIST_FILE = YES;
				MARKETING_VERSION = 1.0;
				PRODUCT_BUNDLE_IDENTIFIER = com.supernova.AppLifeCycleUITests;
				PRODUCT_NAME = "$(TARGET_NAME)";
				SWIFT_EMIT_LOC_STRINGS = NO;
				SWIFT_VERSION = 5.0;
				TARGETED_DEVICE_FAMILY = "1,2";
				TEST_TARGET_NAME = AppLifeCycle;
			};
			name = Debug;
		};
		C90DB9B729991AE100CC3FF9 /* Release */ = {
			isa = XCBuildConfiguration;
			buildSettings = {
				ALWAYS_EMBED_SWIFT_STANDARD_LIBRARIES = YES;
				CODE_SIGN_STYLE = Automatic;
				CURRENT_PROJECT_VERSION = 1;
				GENERATE_INFOPLIST_FILE = YES;
				MARKETING_VERSION = 1.0;
				PRODUCT_BUNDLE_IDENTIFIER = com.supernova.AppLifeCycleUITests;
				PRODUCT_NAME = "$(TARGET_NAME)";
				SWIFT_EMIT_LOC_STRINGS = NO;
				SWIFT_VERSION = 5.0;
				TARGETED_DEVICE_FAMILY = "1,2";
				TEST_TARGET_NAME = AppLifeCycle;
			};
			name = Release;
		};
/* End XCBuildConfiguration section */

/* Begin XCConfigurationList section */
		C90DB98029991AE000CC3FF9 /* Build configuration list for PBXProject "AppLifeCycle" */ = {
			isa = XCConfigurationList;
			buildConfigurations = (
				C90DB9AD29991AE100CC3FF9 /* Debug */,
				C90DB9AE29991AE100CC3FF9 /* Release */,
			);
			defaultConfigurationIsVisible = 0;
			defaultConfigurationName = Release;
		};
		C90DB9AF29991AE100CC3FF9 /* Build configuration list for PBXNativeTarget "AppLifeCycle" */ = {
			isa = XCConfigurationList;
			buildConfigurations = (
				C90DB9B029991AE100CC3FF9 /* Debug */,
				C90DB9B129991AE100CC3FF9 /* Release */,
			);
			defaultConfigurationIsVisible = 0;
			defaultConfigurationName = Release;
		};
		C90DB9B229991AE100CC3FF9 /* Build configuration list for PBXNativeTarget "AppLifeCycleTests" */ = {
			isa = XCConfigurationList;
			buildConfigurations = (
				C90DB9B329991AE100CC3FF9 /* Debug */,
				C90DB9B429991AE100CC3FF9 /* Release */,
			);
			defaultConfigurationIsVisible = 0;
			defaultConfigurationName = Release;
		};
		C90DB9B529991AE100CC3FF9 /* Build configuration list for PBXNativeTarget "AppLifeCycleUITests" */ = {
			isa = XCConfigurationList;
			buildConfigurations = (
				C90DB9B629991AE100CC3FF9 /* Debug */,
				C90DB9B729991AE100CC3FF9 /* Release */,
			);
			defaultConfigurationIsVisible = 0;
			defaultConfigurationName = Release;
		};
/* End XCConfigurationList section */
	};
	rootObject = C90DB97D29991AE000CC3FF9 /* Project object */;
}
